
Microsoft Visual Studio Solution File, Format Version 12.00
# Visual Studio 14
VisualStudioVersion = 14.0.25420.1
MinimumVisualStudioVersion = 10.0.40219.1
Project("{FAE04EC0-301F-11D3-BF4B-00C04F79EFBC}") = "WebApplicationY", "WebApplicationY\WebApplicationY.csproj", "{11FB6356-8FB8-4D96-93FF-5804C5D0C3D3}"
EndProject
Project("{FAE04EC0-301F-11D3-BF4B-00C04F79EFBC}") = "WebApplicationY.Tests", "WebApplicationY.Tests\WebApplicationY.Tests.csproj", "{2954AB89-4F29-4CDA-958E-F303836104B4}"
EndProject
Project("{FAE04EC0-301F-11D3-BF4B-00C04F79EFBC}") = "Domain", "Domain\Domain.csproj", "{7F80513D-6C6C-4B5B-98F8-74CD76979D1F}"
EndProject
Global
	GlobalSection(SolutionConfigurationPlatforms) = preSolution
		Debug|Any CPU = Debug|Any CPU
		Release|Any CPU = Release|Any CPU
	EndGlobalSection
	GlobalSection(ProjectConfigurationPlatforms) = postSolution
		{11FB6356-8FB8-4D96-93FF-5804C5D0C3D3}.Debug|Any CPU.ActiveCfg = Debug|Any CPU
		{11FB6356-8FB8-4D96-93FF-5804C5D0C3D3}.Debug|Any CPU.Build.0 = Debug|Any CPU
		{11FB6356-8FB8-4D96-93FF-5804C5D0C3D3}.Release|Any CPU.ActiveCfg = Release|Any CPU
		{11FB6356-8FB8-4D96-93FF-5804C5D0C3D3}.Release|Any CPU.Build.0 = Release|Any CPU
		{2954AB89-4F29-4CDA-958E-F303836104B4}.Debug|Any CPU.ActiveCfg = Debug|Any CPU
		{2954AB89-4F29-4CDA-958E-F303836104B4}.Debug|Any CPU.Build.0 = Debug|Any CPU
		{2954AB89-4F29-4CDA-958E-F303836104B4}.Release|Any CPU.ActiveCfg = Release|Any CPU
		{2954AB89-4F29-4CDA-958E-F303836104B4}.Release|Any CPU.Build.0 = Release|Any CPU
		{7F80513D-6C6C-4B5B-98F8-74CD76979D1F}.Debug|Any CPU.ActiveCfg = Debug|Any CPU
		{7F80513D-6C6C-4B5B-98F8-74CD76979D1F}.Debug|Any CPU.Build.0 = Debug|Any CPU
		{7F80513D-6C6C-4B5B-98F8-74CD76979D1F}.Release|Any CPU.ActiveCfg = Release|Any CPU
		{7F80513D-6C6C-4B5B-98F8-74CD76979D1F}.Release|Any CPU.Build.0 = Release|Any CPU
	EndGlobalSection
	GlobalSection(SolutionProperties) = preSolution
		HideSolutionNode = FALSE
	EndGlobalSection
EndGlobal
